github.com/second-state/WasmEdge-go v0.9.0 h1:CapdsNNP5HG8nIeX8qmRteie8SZC/+BkmNXq+IoQlKE=
github.com/second-state/WasmEdge-go v0.9.0/go.mod h1:Q3h79fwQs7GUSOm3ZzHXK+j4cKmCFP3SKpGfFNDtqD8=
github.com/second-state/wasmedge-bindgen v0.1.12 h1:+/5YCv9IyLeY8D3ps0mC4WGb/oLiAMqFWwknOwvG1HE=
github.com/second-state/wasmedge-bindgen v0.1.12/go.mod h1:I6j1gAv4jDVvmNF0pKJ9+GFSfxJniL1l5Uzsu9z/3Xk=
